// !$*UTF8*$!
{
	archiveVersion = 1;
	classes = {
	};
	objectVersion = 46;
	objects = {

/* Begin PBXBuildFile section */
		97B3B8CB1BCEABA50042DE65 /* AppDelegate.swift in Sources */ = {isa = PBXBuildFile; fileRef = 97B3B8CA1BCEABA50042DE65 /* AppDelegate.swift */; };
		97B3B8CD1BCEABA50042DE65 /* ViewController.swift in Sources */ = {isa = PBXBuildFile; fileRef = 97B3B8CC1BCEABA50042DE65 /* ViewController.swift */; };
		97B3B8D01BCEABA50042DE65 /* Main.storyboard in Resources */ = {isa = PBXBuildFile; fileRef = 97B3B8CE1BCEABA50042DE65 /* Main.storyboard */; };
		97B3B8D21BCEABA50042DE65 /* Assets.xcassets in Resources */ = {isa = PBXBuildFile; fileRef = 97B3B8D11BCEABA50042DE65 /* Assets.xcassets */; };
		97B3B8D51BCEABA50042DE65 /* LaunchScreen.storyboard in Resources */ = {isa = PBXBuildFile; fileRef = 97B3B8D31BCEABA50042DE65 /* LaunchScreen.storyboard */; };
		97B3B8E01BCEABA50042DE65 /* StormyTests.swift in Sources */ = {isa = PBXBuildFile; fileRef = 97B3B8DF1BCEABA50042DE65 /* StormyTests.swift */; };
		97B3B8EB1BCEABA50042DE65 /* StormyUITests.swift in Sources */ = {isa = PBXBuildFile; fileRef = 97B3B8EA1BCEABA50042DE65 /* StormyUITests.swift */; };
/* End PBXBuildFile section */

/* Begin PBXContainerItemProxy section */
		97B3B8DC1BCEABA50042DE65 /* PBXContainerItemProxy */ = {
			isa = PBXContainerItemProxy;
			containerPortal = 97B3B8BF1BCEABA50042DE65 /* Project object */;
			proxyType = 1;
			remoteGlobalIDString = 97B3B8C61BCEABA50042DE65;
			remoteInfo = Stormy;
		};
		97B3B8E71BCEABA50042DE65 /* PBXContainerItemProxy */ = {
			isa = PBXContainerItemProxy;
			containerPortal = 97B3B8BF1BCEABA50042DE65 /* Project object */;
			proxyType = 1;
			remoteGlobalIDString = 97B3B8C61BCEABA50042DE65;
			remoteInfo = Stormy;
		};
/* End PBXContainerItemProxy section */

/* Begin PBXFileReference section */
		97B3B8C71BCEABA50042DE65 /* Stormy.app */ = {isa = PBXFileReference; explicitFileType = wrapper.application; includeInIndex = 0; path = Stormy.app; sourceTree = BUILT_PRODUCTS_DIR; };
		97B3B8CA1BCEABA50042DE65 /* AppDelegate.swift */ = {isa = PBXFileReference; lastKnownFileType = sourcecode.swift; path = AppDelegate.swift; sourceTree = "<group>"; };
		97B3B8CC1BCEABA50042DE65 /* ViewController.swift */ = {isa = PBXFileReference; lastKnownFileType = sourcecode.swift; path = ViewController.swift; sourceTree = "<group>"; };
		97B3B8CF1BCEABA50042DE65 /* Base */ = {isa = PBXFileReference; lastKnownFileType = file.storyboard; name = Base; path = Base.lproj/Main.storyboard; sourceTree = "<group>"; };
		97B3B8D11BCEABA50042DE65 /* Assets.xcassets */ = {isa = PBXFileReference; lastKnownFileType = folder.assetcatalog; path = Assets.xcassets; sourceTree = "<group>"; };
		97B3B8D41BCEABA50042DE65 /* Base */ = {isa = PBXFileReference; lastKnownFileType = file.storyboard; name = Base; path = Base.lproj/LaunchScreen.storyboard; sourceTree = "<group>"; };
		97B3B8D61BCEABA50042DE65 /* Info.plist */ = {isa = PBXFileReference; lastKnownFileType = text.plist.xml; path = Info.plist; sourceTree = "<group>"; };
		97B3B8DB1BCEABA50042DE65 /* StormyTests.xctest */ = {isa = PBXFileReference; explicitFileType = wrapper.cfbundle; includeInIndex = 0; path = StormyTests.xctest; sourceTree = BUILT_PRODUCTS_DIR; };
		97B3B8DF1BCEABA50042DE65 /* StormyTests.swift */ = {isa = PBXFileReference; lastKnownFileType = sourcecode.swift; path = StormyTests.swift; sourceTree = "<group>"; };
		97B3B8E11BCEABA50042DE65 /* Info.plist */ = {isa = PBXFileReference; lastKnownFileType = text.plist.xml; path = Info.plist; sourceTree = "<group>"; };
		97B3B8E61BCEABA50042DE65 /* StormyUITests.xctest */ = {isa = PBXFileReference; explicitFileType = wrapper.cfbundle; includeInIndex = 0; path = StormyUITests.xctest; sourceTree = BUILT_PRODUCTS_DIR; };
		97B3B8EA1BCEABA50042DE65 /* StormyUITests.swift */ = {isa = PBXFileReference; lastKnownFileType = sourcecode.swift; path = StormyUITests.swift; sourceTree = "<group>"; };
		97B3B8EC1BCEABA50042DE65 /* Info.plist */ = {isa = PBXFileReference; lastKnownFileType = text.plist.xml; path = Info.plist; sourceTree = "<group>"; };
/* End PBXFileReference section */

/* Begin PBXFrameworksBuildPhase section */
		97B3B8C41BCEABA50042DE65 /* Frameworks */ = {
			isa = PBXFrameworksBuildPhase;
			buildActionMask = 2147483647;
			files = (
			);
			runOnlyForDeploymentPostprocessing = 0;
		};
		97B3B8D81BCEABA50042DE65 /* Frameworks */ = {
			isa = PBXFrameworksBuildPhase;
			buildActionMask = 2147483647;
			files = (
			);
			runOnlyForDeploymentPostprocessing = 0;
		};
		97B3B8E31BCEABA50042DE65 /* Frameworks */ = {
			isa = PBXFrameworksBuildPhase;
			buildActionMask = 2147483647;
			files = (
			);
			runOnlyForDeploymentPostprocessing = 0;
		};
/* End PBXFrameworksBuildPhase section */

/* Begin PBXGroup section */
		97B3B8BE1BCEABA50042DE65 = {
			isa = PBXGroup;
			children = (
				97B3B8C91BCEABA50042DE65 /* Stormy */,
				97B3B8DE1BCEABA50042DE65 /* StormyTests */,
				97B3B8E91BCEABA50042DE65 /* StormyUITests */,
				97B3B8C81BCEABA50042DE65 /* Products */,
			);
			sourceTree = "<group>";
		};
		97B3B8C81BCEABA50042DE65 /* Products */ = {
			isa = PBXGroup;
			children = (
				97B3B8C71BCEABA50042DE65 /* Stormy.app */,
				97B3B8DB1BCEABA50042DE65 /* StormyTests.xctest */,
				97B3B8E61BCEABA50042DE65 /* StormyUITests.xctest */,
			);
			name = Products;
			sourceTree = "<group>";
		};
		97B3B8C91BCEABA50042DE65 /* Stormy */ = {
			isa = PBXGroup;
			children = (
				97B3B8CA1BCEABA50042DE65 /* AppDelegate.swift */,
				97B3B8CC1BCEABA50042DE65 /* ViewController.swift */,
				97B3B8CE1BCEABA50042DE65 /* Main.storyboard */,
				97B3B8D11BCEABA50042DE65 /* Assets.xcassets */,
				97B3B8D31BCEABA50042DE65 /* LaunchScreen.storyboard */,
				97B3B8D61BCEABA50042DE65 /* Info.plist */,
			);
			path = Stormy;
			sourceTree = "<group>";
		};
		97B3B8DE1BCEABA50042DE65 /* StormyTests */ = {
			isa = PBXGroup;
			children = (
				97B3B8DF1BCEABA50042DE65 /* StormyTests.swift */,
				97B3B8E11BCEABA50042DE65 /* Info.plist */,
			);
			path = StormyTests;
			sourceTree = "<group>";
		};
		97B3B8E91BCEABA50042DE65 /* StormyUITests */ = {
			isa = PBXGroup;
			children = (
				97B3B8EA1BCEABA50042DE65 /* StormyUITests.swift */,
				97B3B8EC1BCEABA50042DE65 /* Info.plist */,
			);
			path = StormyUITests;
			sourceTree = "<group>";
		};
/* End PBXGroup section */

/* Begin PBXNativeTarget section */
		97B3B8C61BCEABA50042DE65 /* Stormy */ = {
			isa = PBXNativeTarget;
			buildConfigurationList = 97B3B8EF1BCEABA50042DE65 /* Build configuration list for PBXNativeTarget "Stormy" */;
			buildPhases = (
				97B3B8C31BCEABA50042DE65 /* Sources */,
				97B3B8C41BCEABA50042DE65 /* Frameworks */,
				97B3B8C51BCEABA50042DE65 /* Resources */,
			);
			buildRules = (
			);
			dependencies = (
			);
			name = Stormy;
			productName = Stormy;
			productReference = 97B3B8C71BCEABA50042DE65 /* Stormy.app */;
			productType = "com.apple.product-type.application";
		};
		97B3B8DA1BCEABA50042DE65 /* StormyTests */ = {
			isa = PBXNativeTarget;
			buildConfigurationList = 97B3B8F21BCEABA50042DE65 /* Build configuration list for PBXNativeTarget "StormyTests" */;
			buildPhases = (
				97B3B8D71BCEABA50042DE65 /* Sources */,
				97B3B8D81BCEABA50042DE65 /* Frameworks */,
				97B3B8D91BCEABA50042DE65 /* Resources */,
			);
			buildRules = (
			);
			dependencies = (
				97B3B8DD1BCEABA50042DE65 /* PBXTargetDependency */,
			);
			name = StormyTests;
			productName = StormyTests;
			productReference = 97B3B8DB1BCEABA50042DE65 /* StormyTests.xctest */;
			productType = "com.apple.product-type.bundle.unit-test";
		};
		97B3B8E51BCEABA50042DE65 /* StormyUITests */ = {
			isa = PBXNativeTarget;
			buildConfigurationList = 97B3B8F51BCEABA50042DE65 /* Build configuration list for PBXNativeTarget "StormyUITests" */;
			buildPhases = (
				97B3B8E21BCEABA50042DE65 /* Sources */,
				97B3B8E31BCEABA50042DE65 /* Frameworks */,
				97B3B8E41BCEABA50042DE65 /* Resources */,
			);
			buildRules = (
			);
			dependencies = (
				97B3B8E81BCEABA50042DE65 /* PBXTargetDependency */,
			);
			name = StormyUITests;
			productName = StormyUITests;
			productReference = 97B3B8E61BCEABA50042DE65 /* StormyUITests.xctest */;
			productType = "com.apple.product-type.bundle.ui-testing";
		};
/* End PBXNativeTarget section */

/* Begin PBXProject section */
		97B3B8BF1BCEABA50042DE65 /* Project object */ = {
			isa = PBXProject;
			attributes = {
				LastUpgradeCheck = 0700;
				ORGANIZATIONNAME = "Jeffrey Isaray";
				TargetAttributes = {
					97B3B8C61BCEABA50042DE65 = {
						CreatedOnToolsVersion = 7.0.1;
					};
					97B3B8DA1BCEABA50042DE65 = {
						CreatedOnToolsVersion = 7.0.1;
						TestTargetID = 97B3B8C61BCEABA50042DE65;
					};
					97B3B8E51BCEABA50042DE65 = {
						CreatedOnToolsVersion = 7.0.1;
						TestTargetID = 97B3B8C61BCEABA50042DE65;
					};
				};
			};
			buildConfigurationList = 97B3B8C21BCEABA50042DE65 /* Build configuration list for PBXProject "Stormy" */;
			compatibilityVersion = "Xcode 3.2";
			developmentRegion = English;
			hasScannedForEncodings = 0;
			knownRegions = (
				en,
				Base,
			);
			mainGroup = 97B3B8BE1BCEABA50042DE65;
			productRefGroup = 97B3B8C81BCEABA50042DE65 /* Products */;
			projectDirPath = "";
			projectRoot = "";
			targets = (
				97B3B8C61BCEABA50042DE65 /* Stormy */,
				97B3B8DA1BCEABA50042DE65 /* StormyTests */,
				97B3B8E51BCEABA50042DE65 /* StormyUITests */,
			);
		};
/* End PBXProject section */

/* Begin PBXResourcesBuildPhase section */
		97B3B8C51BCEABA50042DE65 /* Resources */ = {
			isa = PBXResourcesBuildPhase;
			buildActionMask = 2147483647;
			files = (
				97B3B8D51BCEABA50042DE65 /* LaunchScreen.storyboard in Resources */,
				97B3B8D21BCEABA50042DE65 /* Assets.xcassets in Resources */,
				97B3B8D01BCEABA50042DE65 /* Main.storyboard in Resources */,
			);
			runOnlyForDeploymentPostprocessing = 0;
		};
		97B3B8D91BCEABA50042DE65 /* Resources */ = {
			isa = PBXResourcesBuildPhase;
			buildActionMask = 2147483647;
			files = (
			);
			runOnlyForDeploymentPostprocessing = 0;
		};
		97B3B8E41BCEABA50042DE65 /* Resources */ = {
			isa = PBXResourcesBuildPhase;
			buildActionMask = 2147483647;
			files = (
			);
			runOnlyForDeploymentPostprocessing = 0;
		};
/* End PBXResourcesBuildPhase section */

/* Begin PBXSourcesBuildPhase section */
		97B3B8C31BCEABA50042DE65 /* Sources */ = {
			isa = PBXSourcesBuildPhase;
			buildActionMask = 2147483647;
			files = (
				97B3B8CD1BCEABA50042DE65 /* ViewController.swift in Sources */,
				97B3B8CB1BCEABA50042DE65 /* AppDelegate.swift in Sources */,
			);
			runOnlyForDeploymentPostprocessing = 0;
		};
		97B3B8D71BCEABA50042DE65 /* Sources */ = {
			isa = PBXSourcesBuildPhase;
			buildActionMask = 2147483647;
			files = (
				97B3B8E01BCEABA50042DE65 /* StormyTests.swift in Sources */,
			);
			runOnlyForDeploymentPostprocessing = 0;
		};
		97B3B8E21BCEABA50042DE65 /* Sources */ = {
			isa = PBXSourcesBuildPhase;
			buildActionMask = 2147483647;
			files = (
				97B3B8EB1BCEABA50042DE65 /* StormyUITests.swift in Sources */,
			);
			runOnlyForDeploymentPostprocessing = 0;
		};
/* End PBXSourcesBuildPhase section */

/* Begin PBXTargetDependency section */
		97B3B8DD1BCEABA50042DE65 /* PBXTargetDependency */ = {
			isa = PBXTargetDependency;
			target = 97B3B8C61BCEABA50042DE65 /* Stormy */;
			targetProxy = 97B3B8DC1BCEABA50042DE65 /* PBXContainerItemProxy */;
		};
		97B3B8E81BCEABA50042DE65 /* PBXTargetDependency */ = {
			isa = PBXTargetDependency;
			target = 97B3B8C61BCEABA50042DE65 /* Stormy */;
			targetProxy = 97B3B8E71BCEABA50042DE65 /* PBXContainerItemProxy */;
		};
/* End PBXTargetDependency section */

/* Begin PBXVariantGroup section */
		97B3B8CE1BCEABA50042DE65 /* Main.storyboard */ = {
			isa = PBXVariantGroup;
			children = (
				97B3B8CF1BCEABA50042DE65 /* Base */,
			);
			name = Main.storyboard;
			sourceTree = "<group>";
		};
		97B3B8D31BCEABA50042DE65 /* LaunchScreen.storyboard */ = {
			isa = PBXVariantGroup;
			children = (
				97B3B8D41BCEABA50042DE65 /* Base */,
			);
			name = LaunchScreen.storyboard;
			sourceTree = "<group>";
		};
/* End PBXVariantGroup section */

/* Begin XCBuildConfiguration section */
		97B3B8ED1BCEABA50042DE65 /* Debug */ = {
			isa = XCBuildConfiguration;
			buildSettings = {
				ALWAYS_SEARCH_USER_PATHS = NO;
				CLANG_CXX_LANGUAGE_STANDARD = "gnu++0x";
				CLANG_CXX_LIBRARY = "libc++";
				CLANG_ENABLE_MODULES = YES;
				CLANG_ENABLE_OBJC_ARC = YES;
				CLANG_WARN_BOOL_CONVERSION = YES;
				CLANG_WARN_CONSTANT_CONVERSION = YES;
				CLANG_WARN_DIRECT_OBJC_ISA_USAGE = YES_ERROR;
				CLANG_WARN_EMPTY_BODY = YES;
				CLANG_WARN_ENUM_CONVERSION = YES;
				CLANG_WARN_INT_CONVERSION = YES;
				CLANG_WARN_OBJC_ROOT_CLASS = YES_ERROR;
				CLANG_WARN_UNREACHABLE_CODE = YES;
				CLANG_WARN__DUPLICATE_METHOD_MATCH = YES;
				"CODE_SIGN_IDENTITY[sdk=iphoneos*]" = "iPhone Developer";
				COPY_PHASE_STRIP = NO;
				DEBUG_INFORMATION_FORMAT = dwarf;
				ENABLE_STRICT_OBJC_MSGSEND = YES;
				ENABLE_TESTABILITY = YES;
				GCC_C_LANGUAGE_STANDARD = gnu99;
				GCC_DYNAMIC_NO_PIC = NO;
				GCC_NO_COMMON_BLOCKS = YES;
				GCC_OPTIMIZATION_LEVEL = 0;
				GCC_PREPROCESSOR_DEFINITIONS = (
					"DEBUG=1",
					"$(inherited)",
				);
				GCC_WARN_64_TO_32_BIT_CONVERSION = YES;
				GCC_WARN_ABOUT_RETURN_TYPE = YES_ERROR;
				GCC_WARN_UNDECLARED_SELECTOR = YES;
				GCC_WARN_UNINITIALIZED_AUTOS = YES_AGGRESSIVE;
				GCC_WARN_UNUSED_FUNCTION = YES;
				GCC_WARN_UNUSED_VARIABLE = YES;
				IPHONEOS_DEPLOYMENT_TARGET = 9.0;
				MTL_ENABLE_DEBUG_INFO = YES;
				ONLY_ACTIVE_ARCH = YES;
				SDKROOT = iphoneos;
				SWIFT_OPTIMIZATION_LEVEL = "-Onone";
				TARGETED_DEVICE_FAMILY = "1,2";
			};
			name = Debug;
		};
		97B3B8EE1BCEABA50042DE65 /* Release */ = {
			isa = XCBuildConfiguration;
			buildSettings = {
				ALWAYS_SEARCH_USER_PATHS = NO;
				CLANG_CXX_LANGUAGE_STANDARD = "gnu++0x";
				CLANG_CXX_LIBRARY = "libc++";
				CLANG_ENABLE_MODULES = YES;
				CLANG_ENABLE_OBJC_ARC = YES;
				CLANG_WARN_BOOL_CONVERSION = YES;
				CLANG_WARN_CONSTANT_CONVERSION = YES;
				CLANG_WARN_DIRECT_OBJC_ISA_USAGE = YES_ERROR;
				CLANG_WARN_EMPTY_BODY = YES;
				CLANG_WARN_ENUM_CONVERSION = YES;
				CLANG_WARN_INT_CONVERSION = YES;
				CLANG_WARN_OBJC_ROOT_CLASS = YES_ERROR;
				CLANG_WARN_UNREACHABLE_CODE = YES;
				CLANG_WARN__DUPLICATE_METHOD_MATCH = YES;
				"CODE_SIGN_IDENTITY[sdk=iphoneos*]" = "iPhone Developer";
				COPY_PHASE_STRIP = NO;
				DEBUG_INFORMATION_FORMAT = "dwarf-with-dsym";
				ENABLE_NS_ASSERTIONS = NO;
				ENABLE_STRICT_OBJC_MSGSEND = YES;
				GCC_C_LANGUAGE_STANDARD = gnu99;
				GCC_NO_COMMON_BLOCKS = YES;
				GCC_WARN_64_TO_32_BIT_CONVERSION = YES;
				GCC_WARN_ABOUT_RETURN_TYPE = YES_ERROR;
				GCC_WARN_UNDECLARED_SELECTOR = YES;
				GCC_WARN_UNINITIALIZED_AUTOS = YES_AGGRESSIVE;
				GCC_WARN_UNUSED_FUNCTION = YES;
				GCC_WARN_UNUSED_VARIABLE = YES;
				IPHONEOS_DEPLOYMENT_TARGET = 9.0;
				MTL_ENABLE_DEBUG_INFO = NO;
				SDKROOT = iphoneos;
				TARGETED_DEVICE_FAMILY = "1,2";
				VALIDATE_PRODUCT = YES;
			};
			name = Release;
		};
		97B3B8F01BCEABA50042DE65 /* Debug */ = {
			isa = XCBuildConfiguration;
			buildSettings = {
				ASSETCATALOG_COMPILER_APPICON_NAME = AppIcon;
				INFOPLIST_FILE = Stormy/Info.plist;
				LD_RUNPATH_SEARCH_PATHS = "$(inherited) @executable_path/Frameworks";
				PRODUCT_BUNDLE_IDENTIFIER = JeffreyIsaray.Stormy;
				PRODUCT_NAME = "$(TARGET_NAME)";
			};
			name = Debug;
		};
		97B3B8F11BCEABA50042DE65 /* Release */ = {
			isa = XCBuildConfiguration;
			buildSettings = {
				ASSETCATALOG_COMPILER_APPICON_NAME = AppIcon;
				INFOPLIST_FILE = Stormy/Info.plist;
				LD_RUNPATH_SEARCH_PATHS = "$(inherited) @executable_path/Frameworks";
				PRODUCT_BUNDLE_IDENTIFIER = JeffreyIsaray.Stormy;
				PRODUCT_NAME = "$(TARGET_NAME)";
			};
			name = Release;
		};
		97B3B8F31BCEABA50042DE65 /* Debug */ = {
			isa = XCBuildConfiguration;
			buildSettings = {
				BUNDLE_LOADER = "$(TEST_HOST)";
				INFOPLIST_FILE = StormyTests/Info.plist;
				LD_RUNPATH_SEARCH_PATHS = "$(inherited) @executable_path/Frameworks @loader_path/Frameworks";
				PRODUCT_BUNDLE_IDENTIFIER = JeffreyIsaray.StormyTests;
				PRODUCT_NAME = "$(TARGET_NAME)";
				TEST_HOST = "$(BUILT_PRODUCTS_DIR)/Stormy.app/Stormy";
			};
			name = Debug;
		};
		97B3B8F41BCEABA50042DE65 /* Release */ = {
			isa = XCBuildConfiguration;
			buildSettings = {
				BUNDLE_LOADER = "$(TEST_HOST)";
				INFOPLIST_FILE = StormyTests/Info.plist;
				LD_RUNPATH_SEARCH_PATHS = "$(inherited) @executable_path/Frameworks @loader_path/Frameworks";
				PRODUCT_BUNDLE_IDENTIFIER = JeffreyIsaray.StormyTests;
				PRODUCT_NAME = "$(TARGET_NAME)";
				TEST_HOST = "$(BUILT_PRODUCTS_DIR)/Stormy.app/Stormy";
			};
			name = Release;
		};
		97B3B8F61BCEABA50042DE65 /* Debug */ = {
			isa = XCBuildConfiguration;
			buildSettings = {
				INFOPLIST_FILE = StormyUITests/Info.plist;
				LD_RUNPATH_SEARCH_PATHS = "$(inherited) @executable_path/Frameworks @loader_path/Frameworks";
				PRODUCT_BUNDLE_IDENTIFIER = JeffreyIsaray.StormyUITests;
				PRODUCT_NAME = "$(TARGET_NAME)";
				TEST_TARGET_NAME = Stormy;
				USES_XCTRUNNER = YES;
			};
			name = Debug;
		};
		97B3B8F71BCEABA50042DE65 /* Release */ = {
			isa = XCBuildConfiguration;
			buildSettings = {
				INFOPLIST_FILE = StormyUITests/Info.plist;
				LD_RUNPATH_SEARCH_PATHS = "$(inherited) @executable_path/Frameworks @loader_path/Frameworks";
				PRODUCT_BUNDLE_IDENTIFIER = JeffreyIsaray.StormyUITests;
				PRODUCT_NAME = "$(TARGET_NAME)";
				TEST_TARGET_NAME = Stormy;
				USES_XCTRUNNER = YES;
			};
			name = Release;
		};
/* End XCBuildConfiguration section */

/* Begin XCConfigurationList section */
		97B3B8C21BCEABA50042DE65 /* Build configuration list for PBXProject "Stormy" */ = {
			isa = XCConfigurationList;
			buildConfigurations = (
				97B3B8ED1BCEABA50042DE65 /* Debug */,
				97B3B8EE1BCEABA50042DE65 /* Release */,
			);
			defaultConfigurationIsVisible = 0;
			defaultConfigurationName = Release;
		};
		97B3B8EF1BCEABA50042DE65 /* Build configuration list for PBXNativeTarget "Stormy" */ = {
			isa = XCConfigurationList;
			buildConfigurations = (
				97B3B8F01BCEABA50042DE65 /* Debug */,
				97B3B8F11BCEABA50042DE65 /* Release */,
			);
			defaultConfigurationIsVisible = 0;
		};
		97B3B8F21BCEABA50042DE65 /* Build configuration list for PBXNativeTarget "StormyTests" */ = {
			isa = XCConfigurationList;
			buildConfigurations = (
				97B3B8F31BCEABA50042DE65 /* Debug */,
				97B3B8F41BCEABA50042DE65 /* Release */,
			);
			defaultConfigurationIsVisible = 0;
		};
		97B3B8F51BCEABA50042DE65 /* Build configuration list for PBXNativeTarget "StormyUITests" */ = {
			isa = XCConfigurationList;
			buildConfigurations = (
				97B3B8F61BCEABA50042DE65 /* Debug */,
				97B3B8F71BCEABA50042DE65 /* Release */,
			);
			defaultConfigurationIsVisible = 0;
		};
/* End XCConfigurationList section */
	};
	rootObject = 97B3B8BF1BCEABA50042DE65 /* Project object */;
}
